// !$*UTF8*$!
{
	archiveVersion = 1;
	classes = {
	};
	objectVersion = 46;
	objects = {

/* Begin PBXBuildFile section */
		0207DA581B56EA530066E2B4 /* Images.xcassets in Resources */ = {isa = PBXBuildFile; fileRef = 0207DA571B56EA530066E2B4 /* Images.xcassets */; };
		051E86A79EE14F6EB90C4674 /* CDVStatusBar.m in Sources */ = {isa = PBXBuildFile; fileRef = 81BA0A22B91C445EAEF3B01B /* CDVStatusBar.m */; };
		0D0C0E8F7A714F9692B47C1E /* CDVGlobalization.m in Sources */ = {isa = PBXBuildFile; fileRef = EA842BA597684B40A56134FE /* CDVGlobalization.m */; };
		1049F48AFF894A519C0E787D /* CDVLocalFilesystem.m in Sources */ = {isa = PBXBuildFile; fileRef = 6EA379A0F3D641409EEF20FA /* CDVLocalFilesystem.m */; };
		167D1878F07F48D8AB281833 /* CDVConnection.m in Sources */ = {isa = PBXBuildFile; fileRef = CFAD5891264241289093A2E2 /* CDVConnection.m */; };
		1D3623260D0F684500981E51 /* AppDelegate.m in Sources */ = {isa = PBXBuildFile; fileRef = 1D3623250D0F684500981E51 /* AppDelegate.m */; };
		1D60589B0D05DD56006BFB54 /* main.m in Sources */ = {isa = PBXBuildFile; fileRef = 29B97316FDCFA39411CA2CEA /* main.m */; };
		288BD49473C141658643ECB0 /* CDVSound.m in Sources */ = {isa = PBXBuildFile; fileRef = 8C41F99F0A01414D99E08311 /* CDVSound.m */; };
		301BF552109A68D80062928A /* libCordova.a in Frameworks */ = {isa = PBXBuildFile; fileRef = 301BF535109A57CC0062928A /* libCordova.a */; };
		302D95F114D2391D003F00A1 /* MainViewController.m in Sources */ = {isa = PBXBuildFile; fileRef = 302D95EF14D2391D003F00A1 /* MainViewController.m */; };
		302D95F214D2391D003F00A1 /* MainViewController.xib in Resources */ = {isa = PBXBuildFile; fileRef = 302D95F014D2391D003F00A1 /* MainViewController.xib */; };
		307B0FC35BAA4A6DAB7C2A32 /* ImageIO.framework in Frameworks */ = {isa = PBXBuildFile; fileRef = DAFEC9C3E255406B86B31B49 /* ImageIO.framework */; settings = {ATTRIBUTES = (Weak, ); }; };
		3147DCCB9039419490639B64 /* UIImage+CropScaleOrientation.m in Sources */ = {isa = PBXBuildFile; fileRef = 94A7280A4C0F4778BABED3F6 /* UIImage+CropScaleOrientation.m */; };
		3DCF83DA8F4047A0974239C7 /* CDVVibration.m in Sources */ = {isa = PBXBuildFile; fileRef = E698C7CDFF9A4899B3ED894E /* CDVVibration.m */; };
		3F5F3736F486404CA2EB255E /* CDVFileTransfer.m in Sources */ = {isa = PBXBuildFile; fileRef = CC4C83523BAA439DB080973E /* CDVFileTransfer.m */; };
		4F6888E8B33F432C8DD7825A /* CDVLocation.m in Sources */ = {isa = PBXBuildFile; fileRef = 82F14344A94540568C220F4D /* CDVLocation.m */; };
		564923FF86C14589990AC6C7 /* AddressBookUI.framework in Frameworks */ = {isa = PBXBuildFile; fileRef = 6528ECEB087243B58A71411E /* AddressBookUI.framework */; settings = {ATTRIBUTES = (Weak, ); }; };
		6AFF5BF91D6E424B00AB3073 /* CDVLaunchScreen.storyboard in Resources */ = {isa = PBXBuildFile; fileRef = 6AFF5BF81D6E424B00AB3073 /* CDVLaunchScreen.storyboard */; };
		6D7592E767B847EBBB791ACA /* CDVLogger.m in Sources */ = {isa = PBXBuildFile; fileRef = 1C4BAE21E9E54B17BDBA8FB6 /* CDVLogger.m */; };
		6D76951FBF1241E9A4370725 /* CDVNotification.bundle in Resources */ = {isa = PBXBuildFile; fileRef = A8F6B510A8AD48F4A7A0D026 /* CDVNotification.bundle */; };
		6DA4D6ECA5E94FC68BA24700 /* CDVSplashScreen.m in Sources */ = {isa = PBXBuildFile; fileRef = 4EE6AFE7DC8C40A498ADAF7D /* CDVSplashScreen.m */; };
		716DE961C73C4BBA91135A80 /* CDVAccelerometer.m in Sources */ = {isa = PBXBuildFile; fileRef = 90B78B40CE2F4A4A9CCAE3BF /* CDVAccelerometer.m */; };
		73B107F3BB3445B2AE4E097D /* CoreTelephony.framework in Frameworks */ = {isa = PBXBuildFile; fileRef = 7C2D40C2E5D8428E9ACFE9EF /* CoreTelephony.framework */; };
		777495835FE246D6898F6227 /* AudioToolbox.framework in Frameworks */ = {isa = PBXBuildFile; fileRef = 4D8BE06ECD0D482DA687F630 /* AudioToolbox.framework */; settings = {ATTRIBUTES = (Weak, ); }; };
		7B71E89988C4422B9A1D67F0 /* CDVContact.m in Sources */ = {isa = PBXBuildFile; fileRef = FC1290D115D24E3CB204ACCC /* CDVContact.m */; };
		90036D3328B04845989ACE17 /* CDVBattery.m in Sources */ = {isa = PBXBuildFile; fileRef = 1A6A7EC231854A6392625469 /* CDVBattery.m */; };
		9A91388E5CFA49F2A62C651E /* CDVReachability.m in Sources */ = {isa = PBXBuildFile; fileRef = F0F61D27E947484D882D1F7D /* CDVReachability.m */; };
		9F750819DD8F4FDA838DAAE9 /* SystemConfiguration.framework in Frameworks */ = {isa = PBXBuildFile; fileRef = D31E349ECDDA4F78B8A87A8B /* SystemConfiguration.framework */; settings = {ATTRIBUTES = (Weak, ); }; };
		A6DF96397FDC4B8AA43F1C32 /* CDVCompass.m in Sources */ = {isa = PBXBuildFile; fileRef = 5F65A76D00D844EEACA4DE57 /* CDVCompass.m */; };
		A878C6D4306B4EAFA691245C /* CoreLocation.framework in Frameworks */ = {isa = PBXBuildFile; fileRef = 477EE4BC0AEF4AA4A6EF1A35 /* CoreLocation.framework */; };
		ABA6B112BA924389AC010C03 /* CDVNotification.m in Sources */ = {isa = PBXBuildFile; fileRef = B606A29C87C8414197F2940E /* CDVNotification.m */; };
		ABB4F25D14EA4A9DB96FB789 /* AVFoundation.framework in Frameworks */ = {isa = PBXBuildFile; fileRef = AAF1F8B30ADE4AC8AF8C6C75 /* AVFoundation.framework */; };
		B122C5EE4E144530BB2371B0 /* CoreMotion.framework in Frameworks */ = {isa = PBXBuildFile; fileRef = 837BC9CFA8614A4D962571DB /* CoreMotion.framework */; };
		B36DFBBC07084F76B6B0DA7E /* CDVInAppBrowser.m in Sources */ = {isa = PBXBuildFile; fileRef = 5D73351E7A844D8084A45DE5 /* CDVInAppBrowser.m */; };
		B57CC46077C941ABBB2EB1EB /* CDVCamera.m in Sources */ = {isa = PBXBuildFile; fileRef = 2E36E2F25E834AE8A9B56D45 /* CDVCamera.m */; };
		B7074CBCE677429A99A5A575 /* CDVDevice.m in Sources */ = {isa = PBXBuildFile; fileRef = E4CF380CD0F84A708CBACDAB /* CDVDevice.m */; };
		B87ABB8B5AAC47699CAD0DBD /* AddressBook.framework in Frameworks */ = {isa = PBXBuildFile; fileRef = A3894C2D6A5E4B33BC5C7326 /* AddressBook.framework */; settings = {ATTRIBUTES = (Weak, ); }; };
		B8CDE49765DC44C9B1F9CDC7 /* CDVCapture.bundle in Resources */ = {isa = PBXBuildFile; fileRef = 4E2492DF96584A8F8BB2DC64 /* CDVCapture.bundle */; };
		BFB47CD10DFB4E8DB2AD8794 /* CDVContacts.m in Sources */ = {isa = PBXBuildFile; fileRef = E5EBAB5887C8424799E58FEB /* CDVContacts.m */; };
		C3B7F4C8ECF840888B24E90E /* CDVCapture.m in Sources */ = {isa = PBXBuildFile; fileRef = 681F2BF22B8A408CA46D53D3 /* CDVCapture.m */; };
		C9AACB88D5E5445DA08F9240 /* CDVJpegHeaderWriter.m in Sources */ = {isa = PBXBuildFile; fileRef = 51114A6D2DD644C5A18702E0 /* CDVJpegHeaderWriter.m */; };
		CF282C28EA7049989B58F37E /* CDVFile.m in Sources */ = {isa = PBXBuildFile; fileRef = 682E2CF8444A432889087277 /* CDVFile.m */; };
		F585CD9454DA4915A3B57023 /* CDVViewController+SplashScreen.m in Sources */ = {isa = PBXBuildFile; fileRef = ADEBE8DC957F47FE80B27AAE /* CDVViewController+SplashScreen.m */; };
		F671F1E4FFA5422B8219ECD9 /* CDVAssetLibraryFilesystem.m in Sources */ = {isa = PBXBuildFile; fileRef = 22A1C6A0BBD2453786E7FA51 /* CDVAssetLibraryFilesystem.m */; };
/* End PBXBuildFile section */

/* Begin PBXContainerItemProxy section */
		301BF534109A57CC0062928A /* PBXContainerItemProxy */ = {
			isa = PBXContainerItemProxy;
			containerPortal = 301BF52D109A57CC0062928A /* CordovaLib.xcodeproj */;
			proxyType = 2;
			remoteGlobalIDString = D2AAC07E0554694100DB518D;
			remoteInfo = CordovaLib;
		};
		301BF550109A68C00062928A /* PBXContainerItemProxy */ = {
			isa = PBXContainerItemProxy;
			containerPortal = 301BF52D109A57CC0062928A /* CordovaLib.xcodeproj */;
			proxyType = 1;
			remoteGlobalIDString = D2AAC07D0554694100DB518D;
			remoteInfo = CordovaLib;
		};
/* End PBXContainerItemProxy section */

/* Begin PBXFileReference section */
		0207DA571B56EA530066E2B4 /* Images.xcassets */ = {isa = PBXFileReference; lastKnownFileType = folder.assetcatalog; name = Images.xcassets; path = LonginesMagazineDigital/Images.xcassets; sourceTree = SOURCE_ROOT; };
		031AC868EB16442A8E8610BC /* CDVReachability.h */ = {isa = PBXFileReference; explicitFileType = undefined; fileEncoding = 4; includeInIndex = 0; lastKnownFileType = sourcecode.c.h; name = CDVReachability.h; path = "cordova-plugin-network-information/CDVReachability.h"; sourceTree = "<group>"; };
		1029E140F6564E7AA32F865B /* CDVNotification.h */ = {isa = PBXFileReference; explicitFileType = undefined; fileEncoding = 4; includeInIndex = 0; lastKnownFileType = sourcecode.c.h; name = CDVNotification.h; path = "cordova-plugin-dialogs/CDVNotification.h"; sourceTree = "<group>"; };
		14AF8874F7DC419FA78F7FCC /* CDVDevice.h */ = {isa = PBXFileReference; explicitFileType = undefined; fileEncoding = 4; includeInIndex = 0; lastKnownFileType = sourcecode.c.h; name = CDVDevice.h; path = "cordova-plugin-device/CDVDevice.h"; sourceTree = "<group>"; };
		1A6A7EC231854A6392625469 /* CDVBattery.m */ = {isa = PBXFileReference; explicitFileType = undefined; fileEncoding = 4; includeInIndex = 0; lastKnownFileType = sourcecode.c.objc; name = CDVBattery.m; path = "cordova-plugin-battery-status/CDVBattery.m"; sourceTree = "<group>"; };
		1C4BAE21E9E54B17BDBA8FB6 /* CDVLogger.m */ = {isa = PBXFileReference; explicitFileType = undefined; fileEncoding = 4; includeInIndex = 0; lastKnownFileType = sourcecode.c.objc; name = CDVLogger.m; path = "cordova-plugin-console/CDVLogger.m"; sourceTree = "<group>"; };
		1D3623240D0F684500981E51 /* AppDelegate.h */ = {isa = PBXFileReference; fileEncoding = 4; lastKnownFileType = sourcecode.c.h; path = AppDelegate.h; sourceTree = "<group>"; };
		1D3623250D0F684500981E51 /* AppDelegate.m */ = {isa = PBXFileReference; fileEncoding = 4; lastKnownFileType = sourcecode.c.objc; path = AppDelegate.m; sourceTree = "<group>"; };
		1D6058910D05DD3D006BFB54 /* LonginesMagazineDigital.app */ = {isa = PBXFileReference; explicitFileType = wrapper.application; includeInIndex = 0; path = LonginesMagazineDigital.app; sourceTree = BUILT_PRODUCTS_DIR; };
		1EFB49C1009842E0B7B2F486 /* CDVAssetLibraryFilesystem.h */ = {isa = PBXFileReference; explicitFileType = undefined; fileEncoding = 4; includeInIndex = 0; lastKnownFileType = sourcecode.c.h; name = CDVAssetLibraryFilesystem.h; path = "cordova-plugin-file/CDVAssetLibraryFilesystem.h"; sourceTree = "<group>"; };
		22A1C6A0BBD2453786E7FA51 /* CDVAssetLibraryFilesystem.m */ = {isa = PBXFileReference; explicitFileType = undefined; fileEncoding = 4; includeInIndex = 0; lastKnownFileType = sourcecode.c.objc; name = CDVAssetLibraryFilesystem.m; path = "cordova-plugin-file/CDVAssetLibraryFilesystem.m"; sourceTree = "<group>"; };
		28AEDBACDFCB45EBA40C5E2E /* CDVCompass.h */ = {isa = PBXFileReference; explicitFileType = undefined; fileEncoding = 4; includeInIndex = 0; lastKnownFileType = sourcecode.c.h; name = CDVCompass.h; path = "cordova-plugin-device-orientation/CDVCompass.h"; sourceTree = "<group>"; };
		29B97316FDCFA39411CA2CEA /* main.m */ = {isa = PBXFileReference; fileEncoding = 4; lastKnownFileType = sourcecode.c.objc; path = main.m; sourceTree = "<group>"; };
		2E36E2F25E834AE8A9B56D45 /* CDVCamera.m */ = {isa = PBXFileReference; explicitFileType = undefined; fileEncoding = 4; includeInIndex = 0; lastKnownFileType = sourcecode.c.objc; name = CDVCamera.m; path = "cordova-plugin-camera/CDVCamera.m"; sourceTree = "<group>"; };
		301BF52D109A57CC0062928A /* CordovaLib.xcodeproj */ = {isa = PBXFileReference; lastKnownFileType = "wrapper.pb-project"; name = CordovaLib.xcodeproj; path = CordovaLib/CordovaLib.xcodeproj; sourceTree = "<group>"; };
		301BF56E109A69640062928A /* www */ = {isa = PBXFileReference; lastKnownFileType = folder; path = www; sourceTree = SOURCE_ROOT; };
		302D95EE14D2391D003F00A1 /* MainViewController.h */ = {isa = PBXFileReference; fileEncoding = 4; lastKnownFileType = sourcecode.c.h; path = MainViewController.h; sourceTree = "<group>"; };
		302D95EF14D2391D003F00A1 /* MainViewController.m */ = {isa = PBXFileReference; fileEncoding = 4; lastKnownFileType = sourcecode.c.objc; path = MainViewController.m; sourceTree = "<group>"; };
		302D95F014D2391D003F00A1 /* MainViewController.xib */ = {isa = PBXFileReference; fileEncoding = 4; lastKnownFileType = file.xib; path = MainViewController.xib; sourceTree = "<group>"; };
		3047A50F1AB8059700498E2A /* build-debug.xcconfig */ = {isa = PBXFileReference; fileEncoding = 4; lastKnownFileType = text.xcconfig; name = "build-debug.xcconfig"; path = "cordova/build-debug.xcconfig"; sourceTree = SOURCE_ROOT; };
		3047A5101AB8059700498E2A /* build-release.xcconfig */ = {isa = PBXFileReference; fileEncoding = 4; lastKnownFileType = text.xcconfig; name = "build-release.xcconfig"; path = "cordova/build-release.xcconfig"; sourceTree = SOURCE_ROOT; };
		3047A5111AB8059700498E2A /* build.xcconfig */ = {isa = PBXFileReference; fileEncoding = 4; lastKnownFileType = text.xcconfig; name = build.xcconfig; path = cordova/build.xcconfig; sourceTree = SOURCE_ROOT; };
		32CA4F630368D1EE00C91783 /* LonginesMagazineDigital-Prefix.pch */ = {isa = PBXFileReference; fileEncoding = 4; lastKnownFileType = sourcecode.c.h; path = "LonginesMagazineDigital-Prefix.pch"; sourceTree = "<group>"; };
		363C9B09A2304D14A57241ED /* CDVJpegHeaderWriter.h */ = {isa = PBXFileReference; explicitFileType = undefined; fileEncoding = 4; includeInIndex = 0; lastKnownFileType = sourcecode.c.h; name = CDVJpegHeaderWriter.h; path = "cordova-plugin-camera/CDVJpegHeaderWriter.h"; sourceTree = "<group>"; };
		3B5C7592B0634F67808E585F /* CDVInAppBrowser.h */ = {isa = PBXFileReference; explicitFileType = undefined; fileEncoding = 4; includeInIndex = 0; lastKnownFileType = sourcecode.c.h; name = CDVInAppBrowser.h; path = "cordova-plugin-inappbrowser/CDVInAppBrowser.h"; sourceTree = "<group>"; };
		4499FB31515E467D9ED28830 /* CDVContact.h */ = {isa = PBXFileReference; explicitFileType = undefined; fileEncoding = 4; includeInIndex = 0; lastKnownFileType = sourcecode.c.h; name = CDVContact.h; path = "cordova-plugin-contacts/CDVContact.h"; sourceTree = "<group>"; };
		471A2602074A457197DF2BC0 /* CDVFileTransfer.h */ = {isa = PBXFileReference; explicitFileType = undefined; fileEncoding = 4; includeInIndex = 0; lastKnownFileType = sourcecode.c.h; name = CDVFileTransfer.h; path = "cordova-plugin-file-transfer/CDVFileTransfer.h"; sourceTree = "<group>"; };
		477EE4BC0AEF4AA4A6EF1A35 /* CoreLocation.framework */ = {isa = PBXFileReference; explicitFileType = undefined; fileEncoding = 9; includeInIndex = 0; lastKnownFileType = wrapper.framework; name = CoreLocation.framework; path = System/Library/Frameworks/CoreLocation.framework; sourceTree = SDKROOT; };
		4A6CDB2F4EF4414ABBCE4778 /* CDVGlobalization.h */ = {isa = PBXFileReference; explicitFileType = undefined; fileEncoding = 4; includeInIndex = 0; lastKnownFileType = sourcecode.c.h; name = CDVGlobalization.h; path = "cordova-plugin-globalization/CDVGlobalization.h"; sourceTree = "<group>"; };
		4D8BE06ECD0D482DA687F630 /* AudioToolbox.framework */ = {isa = PBXFileReference; explicitFileType = undefined; fileEncoding = 9; includeInIndex = 0; lastKnownFileType = wrapper.framework; name = AudioToolbox.framework; path = System/Library/Frameworks/AudioToolbox.framework; sourceTree = SDKROOT; };
		4E2492DF96584A8F8BB2DC64 /* CDVCapture.bundle */ = {isa = PBXFileReference; explicitFileType = undefined; fileEncoding = 9; includeInIndex = 0; lastKnownFileType = "wrapper.plug-in"; path = CDVCapture.bundle; sourceTree = "<group>"; };
		4EE6AFE7DC8C40A498ADAF7D /* CDVSplashScreen.m */ = {isa = PBXFileReference; explicitFileType = undefined; fileEncoding = 4; includeInIndex = 0; lastKnownFileType = sourcecode.c.objc; name = CDVSplashScreen.m; path = "cordova-plugin-splashscreen/CDVSplashScreen.m"; sourceTree = "<group>"; };
		4FB85F7AA9BF4BF0BBE87449 /* CDVAccelerometer.h */ = {isa = PBXFileReference; explicitFileType = undefined; fileEncoding = 4; includeInIndex = 0; lastKnownFileType = sourcecode.c.h; name = CDVAccelerometer.h; path = "cordova-plugin-device-motion/CDVAccelerometer.h"; sourceTree = "<group>"; };
		51114A6D2DD644C5A18702E0 /* CDVJpegHeaderWriter.m */ = {isa = PBXFileReference; explicitFileType = undefined; fileEncoding = 4; includeInIndex = 0; lastKnownFileType = sourcecode.c.objc; name = CDVJpegHeaderWriter.m; path = "cordova-plugin-camera/CDVJpegHeaderWriter.m"; sourceTree = "<group>"; };
		597CA8DAA77D4FA092E17EE1 /* CDVCamera.h */ = {isa = PBXFileReference; explicitFileType = undefined; fileEncoding = 4; includeInIndex = 0; lastKnownFileType = sourcecode.c.h; name = CDVCamera.h; path = "cordova-plugin-camera/CDVCamera.h"; sourceTree = "<group>"; };
		5D73351E7A844D8084A45DE5 /* CDVInAppBrowser.m */ = {isa = PBXFileReference; explicitFileType = undefined; fileEncoding = 4; includeInIndex = 0; lastKnownFileType = sourcecode.c.objc; name = CDVInAppBrowser.m; path = "cordova-plugin-inappbrowser/CDVInAppBrowser.m"; sourceTree = "<group>"; };
		5F65A76D00D844EEACA4DE57 /* CDVCompass.m */ = {isa = PBXFileReference; explicitFileType = undefined; fileEncoding = 4; includeInIndex = 0; lastKnownFileType = sourcecode.c.objc; name = CDVCompass.m; path = "cordova-plugin-device-orientation/CDVCompass.m"; sourceTree = "<group>"; };
		6528ECEB087243B58A71411E /* AddressBookUI.framework */ = {isa = PBXFileReference; explicitFileType = undefined; fileEncoding = 9; includeInIndex = 0; lastKnownFileType = wrapper.framework; name = AddressBookUI.framework; path = System/Library/Frameworks/AddressBookUI.framework; sourceTree = SDKROOT; };
		681F2BF22B8A408CA46D53D3 /* CDVCapture.m */ = {isa = PBXFileReference; explicitFileType = undefined; fileEncoding = 4; includeInIndex = 0; lastKnownFileType = sourcecode.c.objc; name = CDVCapture.m; path = "cordova-plugin-media-capture/CDVCapture.m"; sourceTree = "<group>"; };
		682E2CF8444A432889087277 /* CDVFile.m */ = {isa = PBXFileReference; explicitFileType = undefined; fileEncoding = 4; includeInIndex = 0; lastKnownFileType = sourcecode.c.objc; name = CDVFile.m; path = "cordova-plugin-file/CDVFile.m"; sourceTree = "<group>"; };
		6AFF5BF81D6E424B00AB3073 /* CDVLaunchScreen.storyboard */ = {isa = PBXFileReference; fileEncoding = 4; lastKnownFileType = file.storyboard; name = CDVLaunchScreen.storyboard; path = LonginesMagazineDigital/CDVLaunchScreen.storyboard; sourceTree = SOURCE_ROOT; };
		6EA379A0F3D641409EEF20FA /* CDVLocalFilesystem.m */ = {isa = PBXFileReference; explicitFileType = undefined; fileEncoding = 4; includeInIndex = 0; lastKnownFileType = sourcecode.c.objc; name = CDVLocalFilesystem.m; path = "cordova-plugin-file/CDVLocalFilesystem.m"; sourceTree = "<group>"; };
		7967C5DE8F954041941CEF6F /* UIImage+CropScaleOrientation.h */ = {isa = PBXFileReference; explicitFileType = undefined; fileEncoding = 4; includeInIndex = 0; lastKnownFileType = sourcecode.c.h; name = "UIImage+CropScaleOrientation.h"; path = "cordova-plugin-camera/UIImage+CropScaleOrientation.h"; sourceTree = "<group>"; };
		7C2D40C2E5D8428E9ACFE9EF /* CoreTelephony.framework */ = {isa = PBXFileReference; explicitFileType = undefined; fileEncoding = 9; includeInIndex = 0; lastKnownFileType = wrapper.framework; name = CoreTelephony.framework; path = System/Library/Frameworks/CoreTelephony.framework; sourceTree = SDKROOT; };
		81BA0A22B91C445EAEF3B01B /* CDVStatusBar.m */ = {isa = PBXFileReference; explicitFileType = undefined; fileEncoding = 4; includeInIndex = 0; lastKnownFileType = sourcecode.c.objc; name = CDVStatusBar.m; path = "cordova-plugin-statusbar/CDVStatusBar.m"; sourceTree = "<group>"; };
		82F14344A94540568C220F4D /* CDVLocation.m */ = {isa = PBXFileReference; explicitFileType = undefined; fileEncoding = 4; includeInIndex = 0; lastKnownFileType = sourcecode.c.objc; name = CDVLocation.m; path = "cordova-plugin-geolocation/CDVLocation.m"; sourceTree = "<group>"; };
		837BC9CFA8614A4D962571DB /* CoreMotion.framework */ = {isa = PBXFileReference; explicitFileType = undefined; fileEncoding = 9; includeInIndex = 0; lastKnownFileType = wrapper.framework; name = CoreMotion.framework; path = System/Library/Frameworks/CoreMotion.framework; sourceTree = SDKROOT; };
		8B0B8F374E9E492E99BEE6CB /* CDVLocalFilesystem.h */ = {isa = PBXFileReference; explicitFileType = undefined; fileEncoding = 4; includeInIndex = 0; lastKnownFileType = sourcecode.c.h; name = CDVLocalFilesystem.h; path = "cordova-plugin-file/CDVLocalFilesystem.h"; sourceTree = "<group>"; };
		8C41F99F0A01414D99E08311 /* CDVSound.m */ = {isa = PBXFileReference; explicitFileType = undefined; fileEncoding = 4; includeInIndex = 0; lastKnownFileType = sourcecode.c.objc; name = CDVSound.m; path = "cordova-plugin-media/CDVSound.m"; sourceTree = "<group>"; };
		8D1107310486CEB800E47090 /* LonginesMagazineDigital-Info.plist */ = {isa = PBXFileReference; fileEncoding = 4; lastKnownFileType = text.plist.xml; name = "LonginesMagazineDigital-Info.plist"; path = "LonginesMagazineDigital/LonginesMagazineDigital-Info.plist"; plistStructureDefinitionIdentifier = "com.apple.xcode.plist.structure-definition.iphone.info-plist"; sourceTree = SOURCE_ROOT; };
		90208D860F394214BD54AD54 /* CDVViewController+SplashScreen.h */ = {isa = PBXFileReference; explicitFileType = undefined; fileEncoding = 4; includeInIndex = 0; lastKnownFileType = sourcecode.c.h; name = "CDVViewController+SplashScreen.h"; path = "cordova-plugin-splashscreen/CDVViewController+SplashScreen.h"; sourceTree = "<group>"; };
		90B78B40CE2F4A4A9CCAE3BF /* CDVAccelerometer.m */ = {isa = PBXFileReference; explicitFileType = undefined; fileEncoding = 4; includeInIndex = 0; lastKnownFileType = sourcecode.c.objc; name = CDVAccelerometer.m; path = "cordova-plugin-device-motion/CDVAccelerometer.m"; sourceTree = "<group>"; };
		94A7280A4C0F4778BABED3F6 /* UIImage+CropScaleOrientation.m */ = {isa = PBXFileReference; explicitFileType = undefined; fileEncoding = 4; includeInIndex = 0; lastKnownFileType = sourcecode.c.objc; name = "UIImage+CropScaleOrientation.m"; path = "cordova-plugin-camera/UIImage+CropScaleOrientation.m"; sourceTree = "<group>"; };
		94B9E781E205415DA81344E8 /* CDVContacts.h */ = {isa = PBXFileReference; explicitFileType = undefined; fileEncoding = 4; includeInIndex = 0; lastKnownFileType = sourcecode.c.h; name = CDVContacts.h; path = "cordova-plugin-contacts/CDVContacts.h"; sourceTree = "<group>"; };
		9F37F51B55114CCAA9D2E39C /* CDVConnection.h */ = {isa = PBXFileReference; explicitFileType = undefined; fileEncoding = 4; includeInIndex = 0; lastKnownFileType = sourcecode.c.h; name = CDVConnection.h; path = "cordova-plugin-network-information/CDVConnection.h"; sourceTree = "<group>"; };
		A3894C2D6A5E4B33BC5C7326 /* AddressBook.framework */ = {isa = PBXFileReference; explicitFileType = undefined; fileEncoding = 9; includeInIndex = 0; lastKnownFileType = wrapper.framework; name = AddressBook.framework; path = System/Library/Frameworks/AddressBook.framework; sourceTree = SDKROOT; };
		A5EE4C1332544D53BAC96663 /* CDVBattery.h */ = {isa = PBXFileReference; explicitFileType = undefined; fileEncoding = 4; includeInIndex = 0; lastKnownFileType = sourcecode.c.h; name = CDVBattery.h; path = "cordova-plugin-battery-status/CDVBattery.h"; sourceTree = "<group>"; };
		A8F6B510A8AD48F4A7A0D026 /* CDVNotification.bundle */ = {isa = PBXFileReference; explicitFileType = undefined; fileEncoding = 9; includeInIndex = 0; lastKnownFileType = "wrapper.plug-in"; path = CDVNotification.bundle; sourceTree = "<group>"; };
		AAF1F8B30ADE4AC8AF8C6C75 /* AVFoundation.framework */ = {isa = PBXFileReference; explicitFileType = undefined; fileEncoding = 9; includeInIndex = 0; lastKnownFileType = wrapper.framework; name = AVFoundation.framework; path = System/Library/Frameworks/AVFoundation.framework; sourceTree = SDKROOT; };
		ADEBE8DC957F47FE80B27AAE /* CDVViewController+SplashScreen.m */ = {isa = PBXFileReference; explicitFileType = undefined; fileEncoding = 4; includeInIndex = 0; lastKnownFileType = sourcecode.c.objc; name = "CDVViewController+SplashScreen.m"; path = "cordova-plugin-splashscreen/CDVViewController+SplashScreen.m"; sourceTree = "<group>"; };
		AE91CE9974AD41DEACA17CB7 /* CDVLocation.h */ = {isa = PBXFileReference; explicitFileType = undefined; fileEncoding = 4; includeInIndex = 0; lastKnownFileType = sourcecode.c.h; name = CDVLocation.h; path = "cordova-plugin-geolocation/CDVLocation.h"; sourceTree = "<group>"; };
		B30CCC4CBF504E0280F9D25A /* CDVFile.h */ = {isa = PBXFileReference; explicitFileType = undefined; fileEncoding = 4; includeInIndex = 0; lastKnownFileType = sourcecode.c.h; name = CDVFile.h; path = "cordova-plugin-file/CDVFile.h"; sourceTree = "<group>"; };
		B5DEC4BC58C64DA8A24D364A /* CDVStatusBar.h */ = {isa = PBXFileReference; explicitFileType = undefined; fileEncoding = 4; includeInIndex = 0; lastKnownFileType = sourcecode.c.h; name = CDVStatusBar.h; path = "cordova-plugin-statusbar/CDVStatusBar.h"; sourceTree = "<group>"; };
		B606A29C87C8414197F2940E /* CDVNotification.m */ = {isa = PBXFileReference; explicitFileType = undefined; fileEncoding = 4; includeInIndex = 0; lastKnownFileType = sourcecode.c.objc; name = CDVNotification.m; path = "cordova-plugin-dialogs/CDVNotification.m"; sourceTree = "<group>"; };
		CC4C83523BAA439DB080973E /* CDVFileTransfer.m */ = {isa = PBXFileReference; explicitFileType = undefined; fileEncoding = 4; includeInIndex = 0; lastKnownFileType = sourcecode.c.objc; name = CDVFileTransfer.m; path = "cordova-plugin-file-transfer/CDVFileTransfer.m"; sourceTree = "<group>"; };
		CFAD5891264241289093A2E2 /* CDVConnection.m */ = {isa = PBXFileReference; explicitFileType = undefined; fileEncoding = 4; includeInIndex = 0; lastKnownFileType = sourcecode.c.objc; name = CDVConnection.m; path = "cordova-plugin-network-information/CDVConnection.m"; sourceTree = "<group>"; };
		D0AFCF6A392741F7892E7CE3 /* CDVLogger.h */ = {isa = PBXFileReference; explicitFileType = undefined; fileEncoding = 4; includeInIndex = 0; lastKnownFileType = sourcecode.c.h; name = CDVLogger.h; path = "cordova-plugin-console/CDVLogger.h"; sourceTree = "<group>"; };
		D13BFF9270804E54AB9B61C8 /* CDVCapture.h */ = {isa = PBXFileReference; explicitFileType = undefined; fileEncoding = 4; includeInIndex = 0; lastKnownFileType = sourcecode.c.h; name = CDVCapture.h; path = "cordova-plugin-media-capture/CDVCapture.h"; sourceTree = "<group>"; };
		D31E349ECDDA4F78B8A87A8B /* SystemConfiguration.framework */ = {isa = PBXFileReference; explicitFileType = undefined; fileEncoding = 9; includeInIndex = 0; lastKnownFileType = wrapper.framework; name = SystemConfiguration.framework; path = System/Library/Frameworks/SystemConfiguration.framework; sourceTree = SDKROOT; };
		D69EECBB5C0A44BFB388D7CF /* CDVVibration.h */ = {isa = PBXFileReference; explicitFileType = undefined; fileEncoding = 4; includeInIndex = 0; lastKnownFileType = sourcecode.c.h; name = CDVVibration.h; path = "cordova-plugin-vibration/CDVVibration.h"; sourceTree = "<group>"; };
		DAFEC9C3E255406B86B31B49 /* ImageIO.framework */ = {isa = PBXFileReference; explicitFileType = undefined; fileEncoding = 9; includeInIndex = 0; lastKnownFileType = wrapper.framework; name = ImageIO.framework; path = System/Library/Frameworks/ImageIO.framework; sourceTree = SDKROOT; };
		DE72AAB0957C459BAF8A1495 /* CDVSplashScreen.h */ = {isa = PBXFileReference; explicitFileType = undefined; fileEncoding = 4; includeInIndex = 0; lastKnownFileType = sourcecode.c.h; name = CDVSplashScreen.h; path = "cordova-plugin-splashscreen/CDVSplashScreen.h"; sourceTree = "<group>"; };
		E2CB8CB7FE9342FCB4E3E6B8 /* CDVExif.h */ = {isa = PBXFileReference; explicitFileType = undefined; fileEncoding = 4; includeInIndex = 0; lastKnownFileType = sourcecode.c.h; name = CDVExif.h; path = "cordova-plugin-camera/CDVExif.h"; sourceTree = "<group>"; };
		E4CF380CD0F84A708CBACDAB /* CDVDevice.m */ = {isa = PBXFileReference; explicitFileType = undefined; fileEncoding = 4; includeInIndex = 0; lastKnownFileType = sourcecode.c.objc; name = CDVDevice.m; path = "cordova-plugin-device/CDVDevice.m"; sourceTree = "<group>"; };
		E5EBAB5887C8424799E58FEB /* CDVContacts.m */ = {isa = PBXFileReference; explicitFileType = undefined; fileEncoding = 4; includeInIndex = 0; lastKnownFileType = sourcecode.c.objc; name = CDVContacts.m; path = "cordova-plugin-contacts/CDVContacts.m"; sourceTree = "<group>"; };
		E698C7CDFF9A4899B3ED894E /* CDVVibration.m */ = {isa = PBXFileReference; explicitFileType = undefined; fileEncoding = 4; includeInIndex = 0; lastKnownFileType = sourcecode.c.objc; name = CDVVibration.m; path = "cordova-plugin-vibration/CDVVibration.m"; sourceTree = "<group>"; };
		EA842BA597684B40A56134FE /* CDVGlobalization.m */ = {isa = PBXFileReference; explicitFileType = undefined; fileEncoding = 4; includeInIndex = 0; lastKnownFileType = sourcecode.c.objc; name = CDVGlobalization.m; path = "cordova-plugin-globalization/CDVGlobalization.m"; sourceTree = "<group>"; };
		EB87FDF31871DA8E0020F90C /* www */ = {isa = PBXFileReference; lastKnownFileType = folder; name = www; path = ../../www; sourceTree = "<group>"; };
		EB87FDF41871DAF40020F90C /* config.xml */ = {isa = PBXFileReference; lastKnownFileType = text.xml; name = config.xml; path = ../../config.xml; sourceTree = "<group>"; };
		ED33DF2A687741AEAF9F8254 /* Bridging-Header.h */ = {isa = PBXFileReference; fileEncoding = 4; lastKnownFileType = sourcecode.c.h; path = "Bridging-Header.h"; sourceTree = "<group>"; };
		F0F61D27E947484D882D1F7D /* CDVReachability.m */ = {isa = PBXFileReference; explicitFileType = undefined; fileEncoding = 4; includeInIndex = 0; lastKnownFileType = sourcecode.c.objc; name = CDVReachability.m; path = "cordova-plugin-network-information/CDVReachability.m"; sourceTree = "<group>"; };
		F840E1F0165FE0F500CFE078 /* config.xml */ = {isa = PBXFileReference; lastKnownFileType = text.xml; name = config.xml; path = LonginesMagazineDigital/config.xml; sourceTree = "<group>"; };
		FBA6C532FDEC4994A559FB1E /* CDVSound.h */ = {isa = PBXFileReference; explicitFileType = undefined; fileEncoding = 4; includeInIndex = 0; lastKnownFileType = sourcecode.c.h; name = CDVSound.h; path = "cordova-plugin-media/CDVSound.h"; sourceTree = "<group>"; };
		FC1290D115D24E3CB204ACCC /* CDVContact.m */ = {isa = PBXFileReference; explicitFileType = undefined; fileEncoding = 4; includeInIndex = 0; lastKnownFileType = sourcecode.c.objc; name = CDVContact.m; path = "cordova-plugin-contacts/CDVContact.m"; sourceTree = "<group>"; };
/* End PBXFileReference section */

/* Begin PBXFrameworksBuildPhase section */
		1D60588F0D05DD3D006BFB54 /* Frameworks */ = {
			isa = PBXFrameworksBuildPhase;
			buildActionMask = 2147483647;
			files = (
				301BF552109A68D80062928A /* libCordova.a in Frameworks */,
				307B0FC35BAA4A6DAB7C2A32 /* ImageIO.framework in Frameworks */,
				A878C6D4306B4EAFA691245C /* CoreLocation.framework in Frameworks */,
				ABB4F25D14EA4A9DB96FB789 /* AVFoundation.framework in Frameworks */,
				B87ABB8B5AAC47699CAD0DBD /* AddressBook.framework in Frameworks */,
				564923FF86C14589990AC6C7 /* AddressBookUI.framework in Frameworks */,
				B122C5EE4E144530BB2371B0 /* CoreMotion.framework in Frameworks */,
				777495835FE246D6898F6227 /* AudioToolbox.framework in Frameworks */,
				9F750819DD8F4FDA838DAAE9 /* SystemConfiguration.framework in Frameworks */,
				73B107F3BB3445B2AE4E097D /* CoreTelephony.framework in Frameworks */,
			);
			runOnlyForDeploymentPostprocessing = 0;
		};
/* End PBXFrameworksBuildPhase section */

/* Begin PBXGroup section */
		080E96DDFE201D6D7F000001 /* Classes */ = {
			isa = PBXGroup;
			children = (
				302D95EE14D2391D003F00A1 /* MainViewController.h */,
				302D95EF14D2391D003F00A1 /* MainViewController.m */,
				302D95F014D2391D003F00A1 /* MainViewController.xib */,
				1D3623240D0F684500981E51 /* AppDelegate.h */,
				1D3623250D0F684500981E51 /* AppDelegate.m */,
			);
			name = Classes;
			path = LonginesMagazineDigital/Classes;
			sourceTree = SOURCE_ROOT;
		};
		19C28FACFE9D520D11CA2CBB /* Products */ = {
			isa = PBXGroup;
			children = (
				1D6058910D05DD3D006BFB54 /* LonginesMagazineDigital.app */,
			);
			name = Products;
			sourceTree = "<group>";
		};
		29B97314FDCFA39411CA2CEA /* CustomTemplate */ = {
			isa = PBXGroup;
			children = (
				EB87FDF41871DAF40020F90C /* config.xml */,
				EB87FDF31871DA8E0020F90C /* www */,
				EB87FDF11871DA420020F90C /* Staging */,
				301BF52D109A57CC0062928A /* CordovaLib.xcodeproj */,
				080E96DDFE201D6D7F000001 /* Classes */,
				307C750510C5A3420062BCA9 /* Plugins */,
				29B97315FDCFA39411CA2CEA /* Other Sources */,
				29B97317FDCFA39411CA2CEA /* Resources */,
				29B97323FDCFA39411CA2CEA /* Frameworks */,
				19C28FACFE9D520D11CA2CBB /* Products */,
			);
			name = CustomTemplate;
			sourceTree = "<group>";
		};
		29B97315FDCFA39411CA2CEA /* Other Sources */ = {
			isa = PBXGroup;
			children = (
				32CA4F630368D1EE00C91783 /* LonginesMagazineDigital-Prefix.pch */,
				29B97316FDCFA39411CA2CEA /* main.m */,
				ED33DF2A687741AEAF9F8254 /* Bridging-Header.h */,
			);
			name = "Other Sources";
			path = LonginesMagazineDigital;
			sourceTree = "<group>";
		};
		29B97317FDCFA39411CA2CEA /* Resources */ = {
			isa = PBXGroup;
			children = (
				0207DA571B56EA530066E2B4 /* Images.xcassets */,
				3047A50E1AB8057F00498E2A /* config */,
				8D1107310486CEB800E47090 /* LonginesMagazineDigital-Info.plist */,
				6AFF5BF81D6E424B00AB3073 /* CDVLaunchScreen.storyboard */,
				A8F6B510A8AD48F4A7A0D026 /* CDVNotification.bundle */,
				4E2492DF96584A8F8BB2DC64 /* CDVCapture.bundle */,
			);
			name = Resources;
			path = LonginesMagazineDigital/Resources;
			sourceTree = "<group>";
		};
		29B97323FDCFA39411CA2CEA /* Frameworks */ = {
			isa = PBXGroup;
			children = (
				DAFEC9C3E255406B86B31B49 /* ImageIO.framework */,
				477EE4BC0AEF4AA4A6EF1A35 /* CoreLocation.framework */,
				AAF1F8B30ADE4AC8AF8C6C75 /* AVFoundation.framework */,
				A3894C2D6A5E4B33BC5C7326 /* AddressBook.framework */,
				6528ECEB087243B58A71411E /* AddressBookUI.framework */,
				837BC9CFA8614A4D962571DB /* CoreMotion.framework */,
				4D8BE06ECD0D482DA687F630 /* AudioToolbox.framework */,
				D31E349ECDDA4F78B8A87A8B /* SystemConfiguration.framework */,
				7C2D40C2E5D8428E9ACFE9EF /* CoreTelephony.framework */,
			);
			name = Frameworks;
			sourceTree = "<group>";
		};
		301BF52E109A57CC0062928A /* Products */ = {
			isa = PBXGroup;
			children = (
				301BF535109A57CC0062928A /* libCordova.a */,
			);
			name = Products;
			sourceTree = "<group>";
		};
		3047A50E1AB8057F00498E2A /* config */ = {
			isa = PBXGroup;
			children = (
				3047A50F1AB8059700498E2A /* build-debug.xcconfig */,
				3047A5101AB8059700498E2A /* build-release.xcconfig */,
				3047A5111AB8059700498E2A /* build.xcconfig */,
			);
			name = config;
			sourceTree = "<group>";
		};
		307C750510C5A3420062BCA9 /* Plugins */ = {
			isa = PBXGroup;
			children = (
				1A6A7EC231854A6392625469 /* CDVBattery.m */,
				A5EE4C1332544D53BAC96663 /* CDVBattery.h */,
				94A7280A4C0F4778BABED3F6 /* UIImage+CropScaleOrientation.m */,
				2E36E2F25E834AE8A9B56D45 /* CDVCamera.m */,
				51114A6D2DD644C5A18702E0 /* CDVJpegHeaderWriter.m */,
				7967C5DE8F954041941CEF6F /* UIImage+CropScaleOrientation.h */,
				597CA8DAA77D4FA092E17EE1 /* CDVCamera.h */,
				363C9B09A2304D14A57241ED /* CDVJpegHeaderWriter.h */,
				E2CB8CB7FE9342FCB4E3E6B8 /* CDVExif.h */,
				1C4BAE21E9E54B17BDBA8FB6 /* CDVLogger.m */,
				D0AFCF6A392741F7892E7CE3 /* CDVLogger.h */,
				E5EBAB5887C8424799E58FEB /* CDVContacts.m */,
				FC1290D115D24E3CB204ACCC /* CDVContact.m */,
				94B9E781E205415DA81344E8 /* CDVContacts.h */,
				4499FB31515E467D9ED28830 /* CDVContact.h */,
				E4CF380CD0F84A708CBACDAB /* CDVDevice.m */,
				14AF8874F7DC419FA78F7FCC /* CDVDevice.h */,
				90B78B40CE2F4A4A9CCAE3BF /* CDVAccelerometer.m */,
				4FB85F7AA9BF4BF0BBE87449 /* CDVAccelerometer.h */,
				5F65A76D00D844EEACA4DE57 /* CDVCompass.m */,
				28AEDBACDFCB45EBA40C5E2E /* CDVCompass.h */,
				B606A29C87C8414197F2940E /* CDVNotification.m */,
				1029E140F6564E7AA32F865B /* CDVNotification.h */,
				682E2CF8444A432889087277 /* CDVFile.m */,
				6EA379A0F3D641409EEF20FA /* CDVLocalFilesystem.m */,
				22A1C6A0BBD2453786E7FA51 /* CDVAssetLibraryFilesystem.m */,
				B30CCC4CBF504E0280F9D25A /* CDVFile.h */,
				8B0B8F374E9E492E99BEE6CB /* CDVLocalFilesystem.h */,
				1EFB49C1009842E0B7B2F486 /* CDVAssetLibraryFilesystem.h */,
				CC4C83523BAA439DB080973E /* CDVFileTransfer.m */,
				471A2602074A457197DF2BC0 /* CDVFileTransfer.h */,
				82F14344A94540568C220F4D /* CDVLocation.m */,
				AE91CE9974AD41DEACA17CB7 /* CDVLocation.h */,
				EA842BA597684B40A56134FE /* CDVGlobalization.m */,
				4A6CDB2F4EF4414ABBCE4778 /* CDVGlobalization.h */,
				5D73351E7A844D8084A45DE5 /* CDVInAppBrowser.m */,
				3B5C7592B0634F67808E585F /* CDVInAppBrowser.h */,
				8C41F99F0A01414D99E08311 /* CDVSound.m */,
				FBA6C532FDEC4994A559FB1E /* CDVSound.h */,
				681F2BF22B8A408CA46D53D3 /* CDVCapture.m */,
				D13BFF9270804E54AB9B61C8 /* CDVCapture.h */,
				CFAD5891264241289093A2E2 /* CDVConnection.m */,
				F0F61D27E947484D882D1F7D /* CDVReachability.m */,
				9F37F51B55114CCAA9D2E39C /* CDVConnection.h */,
				031AC868EB16442A8E8610BC /* CDVReachability.h */,
				4EE6AFE7DC8C40A498ADAF7D /* CDVSplashScreen.m */,
				ADEBE8DC957F47FE80B27AAE /* CDVViewController+SplashScreen.m */,
				DE72AAB0957C459BAF8A1495 /* CDVSplashScreen.h */,
				90208D860F394214BD54AD54 /* CDVViewController+SplashScreen.h */,
				81BA0A22B91C445EAEF3B01B /* CDVStatusBar.m */,
				B5DEC4BC58C64DA8A24D364A /* CDVStatusBar.h */,
				E698C7CDFF9A4899B3ED894E /* CDVVibration.m */,
				D69EECBB5C0A44BFB388D7CF /* CDVVibration.h */,
			);
			name = Plugins;
			path = LonginesMagazineDigital/Plugins;
			sourceTree = SOURCE_ROOT;
		};
		EB87FDF11871DA420020F90C /* Staging */ = {
			isa = PBXGroup;
			children = (
				F840E1F0165FE0F500CFE078 /* config.xml */,
				301BF56E109A69640062928A /* www */,
			);
			name = Staging;
			sourceTree = "<group>";
		};
/* End PBXGroup section */

/* Begin PBXNativeTarget section */
		1D6058900D05DD3D006BFB54 /* LonginesMagazineDigital */ = {
			isa = PBXNativeTarget;
			buildConfigurationList = 1D6058960D05DD3E006BFB54 /* Build configuration list for PBXNativeTarget "LonginesMagazineDigital" */;
			buildPhases = (
				304B58A110DAC018002A0835 /* Copy www directory */,
				1D60588D0D05DD3D006BFB54 /* Resources */,
				1D60588E0D05DD3D006BFB54 /* Sources */,
				1D60588F0D05DD3D006BFB54 /* Frameworks */,
			);
			buildRules = (
			);
			dependencies = (
				301BF551109A68C00062928A /* PBXTargetDependency */,
			);
			name = LonginesMagazineDigital;
			productName = LonginesMagazineDigital;
			productReference = 1D6058910D05DD3D006BFB54 /* LonginesMagazineDigital.app */;
			productType = "com.apple.product-type.application";
		};
/* End PBXNativeTarget section */

/* Begin PBXProject section */
		29B97313FDCFA39411CA2CEA /* Project object */ = {
			isa = PBXProject;
			attributes = {
				LastUpgradeCheck = 510;
				TargetAttributes = {
					1D6058900D05DD3D006BFB54 = {
						DevelopmentTeam = GQWY7WEYH2;
						ProvisioningStyle = Automatic;
					};
				};
			};
			buildConfigurationList = C01FCF4E08A954540054247B /* Build configuration list for PBXProject "LonginesMagazineDigital" */;
			compatibilityVersion = "Xcode 3.2";
			developmentRegion = English;
			hasScannedForEncodings = 1;
			knownRegions = (
				en,
			);
			mainGroup = 29B97314FDCFA39411CA2CEA /* CustomTemplate */;
			projectDirPath = "";
			projectReferences = (
				{
					ProductGroup = 301BF52E109A57CC0062928A /* Products */;
					ProjectRef = 301BF52D109A57CC0062928A /* CordovaLib.xcodeproj */;
				},
			);
			projectRoot = "";
			targets = (
				1D6058900D05DD3D006BFB54 /* LonginesMagazineDigital */,
			);
		};
/* End PBXProject section */

/* Begin PBXReferenceProxy section */
		301BF535109A57CC0062928A /* libCordova.a */ = {
			isa = PBXReferenceProxy;
			fileType = archive.ar;
			path = libCordova.a;
			remoteRef = 301BF534109A57CC0062928A /* PBXContainerItemProxy */;
			sourceTree = BUILT_PRODUCTS_DIR;
		};
/* End PBXReferenceProxy section */

/* Begin PBXResourcesBuildPhase section */
		1D60588D0D05DD3D006BFB54 /* Resources */ = {
			isa = PBXResourcesBuildPhase;
			buildActionMask = 2147483647;
			files = (
				302D95F214D2391D003F00A1 /* MainViewController.xib in Resources */,
				0207DA581B56EA530066E2B4 /* Images.xcassets in Resources */,
				6AFF5BF91D6E424B00AB3073 /* CDVLaunchScreen.storyboard in Resources */,
				6D76951FBF1241E9A4370725 /* CDVNotification.bundle in Resources */,
				B8CDE49765DC44C9B1F9CDC7 /* CDVCapture.bundle in Resources */,
			);
			runOnlyForDeploymentPostprocessing = 0;
		};
/* End PBXResourcesBuildPhase section */

/* Begin PBXShellScriptBuildPhase section */
		304B58A110DAC018002A0835 /* Copy www directory */ = {
			isa = PBXShellScriptBuildPhase;
			buildActionMask = 2147483647;
			files = (
			);
			inputPaths = (
			);
			name = "Copy www directory";
			outputPaths = (
			);
			runOnlyForDeploymentPostprocessing = 0;
			shellPath = /bin/sh;
			shellScript = "NODEJS_PATH=/usr/local/bin; NVM_NODE_PATH=~/.nvm/versions/node/`nvm version 2>/dev/null`/bin; N_NODE_PATH=`find /usr/local/n/versions/node/* -maxdepth 0 -type d 2>/dev/null | tail -1`/bin; XCODE_NODE_PATH=`xcode-select --print-path`/usr/share/xcs/Node/bin; PATH=$NODEJS_PATH:$NVM_NODE_PATH:$N_NODE_PATH:$XCODE_NODE_PATH:$PATH && node cordova/lib/copy-www-build-step.js";
			showEnvVarsInLog = 0;
		};
/* End PBXShellScriptBuildPhase section */

/* Begin PBXSourcesBuildPhase section */
		1D60588E0D05DD3D006BFB54 /* Sources */ = {
			isa = PBXSourcesBuildPhase;
			buildActionMask = 2147483647;
			files = (
				1D60589B0D05DD56006BFB54 /* main.m in Sources */,
				1D3623260D0F684500981E51 /* AppDelegate.m in Sources */,
				302D95F114D2391D003F00A1 /* MainViewController.m in Sources */,
				90036D3328B04845989ACE17 /* CDVBattery.m in Sources */,
				3147DCCB9039419490639B64 /* UIImage+CropScaleOrientation.m in Sources */,
				B57CC46077C941ABBB2EB1EB /* CDVCamera.m in Sources */,
				C9AACB88D5E5445DA08F9240 /* CDVJpegHeaderWriter.m in Sources */,
				6D7592E767B847EBBB791ACA /* CDVLogger.m in Sources */,
				BFB47CD10DFB4E8DB2AD8794 /* CDVContacts.m in Sources */,
				7B71E89988C4422B9A1D67F0 /* CDVContact.m in Sources */,
				B7074CBCE677429A99A5A575 /* CDVDevice.m in Sources */,
				716DE961C73C4BBA91135A80 /* CDVAccelerometer.m in Sources */,
				A6DF96397FDC4B8AA43F1C32 /* CDVCompass.m in Sources */,
				ABA6B112BA924389AC010C03 /* CDVNotification.m in Sources */,
				CF282C28EA7049989B58F37E /* CDVFile.m in Sources */,
				1049F48AFF894A519C0E787D /* CDVLocalFilesystem.m in Sources */,
				F671F1E4FFA5422B8219ECD9 /* CDVAssetLibraryFilesystem.m in Sources */,
				3F5F3736F486404CA2EB255E /* CDVFileTransfer.m in Sources */,
				4F6888E8B33F432C8DD7825A /* CDVLocation.m in Sources */,
				0D0C0E8F7A714F9692B47C1E /* CDVGlobalization.m in Sources */,
				B36DFBBC07084F76B6B0DA7E /* CDVInAppBrowser.m in Sources */,
				288BD49473C141658643ECB0 /* CDVSound.m in Sources */,
				C3B7F4C8ECF840888B24E90E /* CDVCapture.m in Sources */,
				167D1878F07F48D8AB281833 /* CDVConnection.m in Sources */,
				9A91388E5CFA49F2A62C651E /* CDVReachability.m in Sources */,
				6DA4D6ECA5E94FC68BA24700 /* CDVSplashScreen.m in Sources */,
				F585CD9454DA4915A3B57023 /* CDVViewController+SplashScreen.m in Sources */,
				051E86A79EE14F6EB90C4674 /* CDVStatusBar.m in Sources */,
				3DCF83DA8F4047A0974239C7 /* CDVVibration.m in Sources */,
			);
			runOnlyForDeploymentPostprocessing = 0;
		};
/* End PBXSourcesBuildPhase section */

/* Begin PBXTargetDependency section */
		301BF551109A68C00062928A /* PBXTargetDependency */ = {
			isa = PBXTargetDependency;
			name = CordovaLib;
			targetProxy = 301BF550109A68C00062928A /* PBXContainerItemProxy */;
		};
/* End PBXTargetDependency section */

/* Begin XCBuildConfiguration section */
		1D6058940D05DD3E006BFB54 /* Debug */ = {
			isa = XCBuildConfiguration;
			baseConfigurationReference = 3047A50F1AB8059700498E2A /* build-debug.xcconfig */;
			buildSettings = {
				ALWAYS_SEARCH_USER_PATHS = NO;
				ASSETCATALOG_COMPILER_APPICON_NAME = AppIcon;
				ASSETCATALOG_COMPILER_LAUNCHIMAGE_NAME = LaunchImage;
				CLANG_ENABLE_MODULES = YES;
				CLANG_ENABLE_OBJC_ARC = YES;
				"CODE_SIGN_IDENTITY[sdk=iphoneos*]" = "iPhone Developer";
				COPY_PHASE_STRIP = NO;
				DEVELOPMENT_TEAM = GQWY7WEYH2;
				GCC_DYNAMIC_NO_PIC = NO;
				GCC_OPTIMIZATION_LEVEL = 0;
				GCC_PRECOMPILE_PREFIX_HEADER = YES;
				GCC_PREFIX_HEADER = "LonginesMagazineDigital/LonginesMagazineDigital-Prefix.pch";
				GCC_THUMB_SUPPORT = NO;
				GCC_VERSION = "";
				INFOPLIST_FILE = "LonginesMagazineDigital/LonginesMagazineDigital-Info.plist";
				IPHONEOS_DEPLOYMENT_TARGET = 10.2;
				LD_RUNPATH_SEARCH_PATHS = "@executable_path/Frameworks";
				PRODUCT_BUNDLE_IDENTIFIER = sixtyfps.longines.magazineDigital;
				PRODUCT_NAME = LonginesMagazineDigital;
				TARGETED_DEVICE_FAMILY = 2;
			};
			name = Debug;
		};
		1D6058950D05DD3E006BFB54 /* Release */ = {
			isa = XCBuildConfiguration;
			baseConfigurationReference = 3047A5101AB8059700498E2A /* build-release.xcconfig */;
			buildSettings = {
				ALWAYS_SEARCH_USER_PATHS = NO;
				ASSETCATALOG_COMPILER_APPICON_NAME = AppIcon;
				ASSETCATALOG_COMPILER_LAUNCHIMAGE_NAME = LaunchImage;
				CLANG_ENABLE_MODULES = YES;
				CLANG_ENABLE_OBJC_ARC = YES;
				"CODE_SIGN_IDENTITY[sdk=iphoneos*]" = "iPhone Developer";
				COPY_PHASE_STRIP = YES;
				DEVELOPMENT_TEAM = GQWY7WEYH2;
				GCC_PRECOMPILE_PREFIX_HEADER = YES;
				GCC_PREFIX_HEADER = "LonginesMagazineDigital/LonginesMagazineDigital-Prefix.pch";
				GCC_THUMB_SUPPORT = NO;
				GCC_VERSION = "";
				INFOPLIST_FILE = "LonginesMagazineDigital/LonginesMagazineDigital-Info.plist";
				IPHONEOS_DEPLOYMENT_TARGET = 10.2;
				LD_RUNPATH_SEARCH_PATHS = "@executable_path/Frameworks";
				ONLY_ACTIVE_ARCH = YES;
				PRODUCT_BUNDLE_IDENTIFIER = sixtyfps.longines.magazineDigital;
				PRODUCT_NAME = LonginesMagazineDigital;
				TARGETED_DEVICE_FAMILY = 2;
			};
			name = Release;
		};
		C01FCF4F08A954540054247B /* Debug */ = {
			isa = XCBuildConfiguration;
			baseConfigurationReference = 3047A5111AB8059700498E2A /* build.xcconfig */;
			buildSettings = {
				ASSETCATALOG_COMPILER_LAUNCHIMAGE_NAME = LaunchImage;
				CLANG_ENABLE_MODULES = YES;
				CLANG_ENABLE_OBJC_ARC = YES;
				CLANG_WARN_BOOL_CONVERSION = YES;
				CLANG_WARN_CONSTANT_CONVERSION = YES;
				CLANG_WARN_EMPTY_BODY = YES;
				CLANG_WARN_ENUM_CONVERSION = YES;
				CLANG_WARN_INT_CONVERSION = YES;
				CLANG_WARN__DUPLICATE_METHOD_MATCH = YES;
				GCC_C_LANGUAGE_STANDARD = c99;
				GCC_THUMB_SUPPORT = NO;
				GCC_VERSION = "";
				GCC_WARN_ABOUT_RETURN_TYPE = YES;
				GCC_WARN_UNDECLARED_SELECTOR = YES;
				GCC_WARN_UNINITIALIZED_AUTOS = YES;
				GCC_WARN_UNUSED_FUNCTION = YES;
				GCC_WARN_UNUSED_VARIABLE = YES;
				ONLY_ACTIVE_ARCH = YES;
				SDKROOT = iphoneos;
				SKIP_INSTALL = NO;
			};
			name = Debug;
		};
		C01FCF5008A954540054247B /* Release */ = {
			isa = XCBuildConfiguration;
			baseConfigurationReference = 3047A5111AB8059700498E2A /* build.xcconfig */;
			buildSettings = {
				ASSETCATALOG_COMPILER_LAUNCHIMAGE_NAME = LaunchImage;
				CLANG_ENABLE_MODULES = YES;
				CLANG_ENABLE_OBJC_ARC = YES;
				CLANG_WARN_BOOL_CONVERSION = YES;
				CLANG_WARN_CONSTANT_CONVERSION = YES;
				CLANG_WARN_EMPTY_BODY = YES;
				CLANG_WARN_ENUM_CONVERSION = YES;
				CLANG_WARN_INT_CONVERSION = YES;
				CLANG_WARN__DUPLICATE_METHOD_MATCH = YES;
				GCC_C_LANGUAGE_STANDARD = c99;
				GCC_THUMB_SUPPORT = NO;
				GCC_VERSION = "";
				GCC_WARN_ABOUT_RETURN_TYPE = YES;
				GCC_WARN_UNDECLARED_SELECTOR = YES;
				GCC_WARN_UNINITIALIZED_AUTOS = YES;
				GCC_WARN_UNUSED_FUNCTION = YES;
				GCC_WARN_UNUSED_VARIABLE = YES;
				SDKROOT = iphoneos;
				SKIP_INSTALL = NO;
			};
			name = Release;
		};
/* End XCBuildConfiguration section */

/* Begin XCConfigurationList section */
		1D6058960D05DD3E006BFB54 /* Build configuration list for PBXNativeTarget "LonginesMagazineDigital" */ = {
			isa = XCConfigurationList;
			buildConfigurations = (
				1D6058940D05DD3E006BFB54 /* Debug */,
				1D6058950D05DD3E006BFB54 /* Release */,
			);
			defaultConfigurationIsVisible = 0;
			defaultConfigurationName = Release;
		};
		C01FCF4E08A954540054247B /* Build configuration list for PBXProject "LonginesMagazineDigital" */ = {
			isa = XCConfigurationList;
			buildConfigurations = (
				C01FCF4F08A954540054247B /* Debug */,
				C01FCF5008A954540054247B /* Release */,
			);
			defaultConfigurationIsVisible = 0;
			defaultConfigurationName = Release;
		};
/* End XCConfigurationList section */
	};
	rootObject = 29B97313FDCFA39411CA2CEA /* Project object */;
}
